
Microsoft Visual Studio Solution File, Format Version 12.00
# Visual Studio Version 17
VisualStudioVersion = 17.0.31903.59
MinimumVisualStudioVersion = 10.0.40219.1
Project("{9A19103F-16F7-4668-BE54-9A1E7A4F7556}") = "Data.Providers", "Data.Provider\Data.Providers.csproj", "{40C98DCE-DE83-4151-98CE-31C67A526688}"
EndProject
Project("{9A19103F-16F7-4668-BE54-9A1E7A4F7556}") = "Business.Providers", "Business.Providers\Business.Providers.csproj", "{BD53D7F2-6F69-40F3-8A11-E026E48B689E}"
EndProject
Project("{9A19103F-16F7-4668-BE54-9A1E7A4F7556}") = "Business.Contracts", "Business.Contracts\Business.Contracts.csproj", "{C20AB139-C10F-4FC0-9437-49BC638AABD2}"
EndProject
Project("{9A19103F-16F7-4668-BE54-9A1E7A4F7556}") = "Data.Contracts", "Data.Contracts\Data.Contracts.csproj", "{D8D3E7E2-9FF9-4A7A-8BDE-A5316A554BB6}"
EndProject
Project("{9A19103F-16F7-4668-BE54-9A1E7A4F7556}") = "Api.Contracts", "Api.Contracts\Api.Contracts.csproj", "{79A7D9A2-660A-4F7F-8489-4136EF5A4EAC}"
EndProject
Project("{9A19103F-16F7-4668-BE54-9A1E7A4F7556}") = "Api.Translators", "Api.Translators\Api.Translators.csproj", "{3F7A7143-ABD3-4D62-A9C7-462376927420}"
EndProject
Project("{9A19103F-16F7-4668-BE54-9A1E7A4F7556}") = "Business.Translators", "Business.Translators\Business.Translators.csproj", "{C2CD5911-9DAD-4454-8C52-E629310414E2}"
EndProject
Project("{2150E333-8FDC-42A3-9474-1A3956D46DE8}") = "Api", "Api", "{2957F664-BE57-4286-8CA9-FBB37F8C306B}"
EndProject
Project("{2150E333-8FDC-42A3-9474-1A3956D46DE8}") = "Business", "Business", "{E4BEC210-FAAC-4B3D-936B-897152037DB5}"
EndProject
Project("{2150E333-8FDC-42A3-9474-1A3956D46DE8}") = "Data", "Data", "{DCFBBA46-9262-43EC-B09A-3886F645CC08}"
EndProject
Project("{2150E333-8FDC-42A3-9474-1A3956D46DE8}") = "Web", "Web", "{C0A8406F-57BE-4A17-A0E5-9E5AB8E77674}"
EndProject
Project("{9A19103F-16F7-4668-BE54-9A1E7A4F7556}") = "Web.Host", "Web.Host\Web.Host.csproj", "{8F3D8544-8790-4440-BD46-FC233BBDC06E}"
EndProject
Global
	GlobalSection(SolutionConfigurationPlatforms) = preSolution
		Debug|Any CPU = Debug|Any CPU
		Release|Any CPU = Release|Any CPU
	EndGlobalSection
	GlobalSection(ProjectConfigurationPlatforms) = postSolution
		{40C98DCE-DE83-4151-98CE-31C67A526688}.Debug|Any CPU.ActiveCfg = Debug|Any CPU
		{40C98DCE-DE83-4151-98CE-31C67A526688}.Debug|Any CPU.Build.0 = Debug|Any CPU
		{40C98DCE-DE83-4151-98CE-31C67A526688}.Release|Any CPU.ActiveCfg = Release|Any CPU
		{40C98DCE-DE83-4151-98CE-31C67A526688}.Release|Any CPU.Build.0 = Release|Any CPU
		{BD53D7F2-6F69-40F3-8A11-E026E48B689E}.Debug|Any CPU.ActiveCfg = Debug|Any CPU
		{BD53D7F2-6F69-40F3-8A11-E026E48B689E}.Debug|Any CPU.Build.0 = Debug|Any CPU
		{BD53D7F2-6F69-40F3-8A11-E026E48B689E}.Release|Any CPU.ActiveCfg = Release|Any CPU
		{BD53D7F2-6F69-40F3-8A11-E026E48B689E}.Release|Any CPU.Build.0 = Release|Any CPU
		{C20AB139-C10F-4FC0-9437-49BC638AABD2}.Debug|Any CPU.ActiveCfg = Debug|Any CPU
		{C20AB139-C10F-4FC0-9437-49BC638AABD2}.Debug|Any CPU.Build.0 = Debug|Any CPU
		{C20AB139-C10F-4FC0-9437-49BC638AABD2}.Release|Any CPU.ActiveCfg = Release|Any CPU
		{C20AB139-C10F-4FC0-9437-49BC638AABD2}.Release|Any CPU.Build.0 = Release|Any CPU
		{D8D3E7E2-9FF9-4A7A-8BDE-A5316A554BB6}.Debug|Any CPU.ActiveCfg = Debug|Any CPU
		{D8D3E7E2-9FF9-4A7A-8BDE-A5316A554BB6}.Debug|Any CPU.Build.0 = Debug|Any CPU
		{D8D3E7E2-9FF9-4A7A-8BDE-A5316A554BB6}.Release|Any CPU.ActiveCfg = Release|Any CPU
		{D8D3E7E2-9FF9-4A7A-8BDE-A5316A554BB6}.Release|Any CPU.Build.0 = Release|Any CPU
		{79A7D9A2-660A-4F7F-8489-4136EF5A4EAC}.Debug|Any CPU.ActiveCfg = Debug|Any CPU
		{79A7D9A2-660A-4F7F-8489-4136EF5A4EAC}.Debug|Any CPU.Build.0 = Debug|Any CPU
		{79A7D9A2-660A-4F7F-8489-4136EF5A4EAC}.Release|Any CPU.ActiveCfg = Release|Any CPU
		{79A7D9A2-660A-4F7F-8489-4136EF5A4EAC}.Release|Any CPU.Build.0 = Release|Any CPU
		{3F7A7143-ABD3-4D62-A9C7-462376927420}.Debug|Any CPU.ActiveCfg = Debug|Any CPU
		{3F7A7143-ABD3-4D62-A9C7-462376927420}.Debug|Any CPU.Build.0 = Debug|Any CPU
		{3F7A7143-ABD3-4D62-A9C7-462376927420}.Release|Any CPU.ActiveCfg = Release|Any CPU
		{3F7A7143-ABD3-4D62-A9C7-462376927420}.Release|Any CPU.Build.0 = Release|Any CPU
		{C2CD5911-9DAD-4454-8C52-E629310414E2}.Debug|Any CPU.ActiveCfg = Debug|Any CPU
		{C2CD5911-9DAD-4454-8C52-E629310414E2}.Debug|Any CPU.Build.0 = Debug|Any CPU
		{C2CD5911-9DAD-4454-8C52-E629310414E2}.Release|Any CPU.ActiveCfg = Release|Any CPU
		{C2CD5911-9DAD-4454-8C52-E629310414E2}.Release|Any CPU.Build.0 = Release|Any CPU
		{8F3D8544-8790-4440-BD46-FC233BBDC06E}.Debug|Any CPU.ActiveCfg = Debug|Any CPU
		{8F3D8544-8790-4440-BD46-FC233BBDC06E}.Debug|Any CPU.Build.0 = Debug|Any CPU
		{8F3D8544-8790-4440-BD46-FC233BBDC06E}.Release|Any CPU.ActiveCfg = Release|Any CPU
		{8F3D8544-8790-4440-BD46-FC233BBDC06E}.Release|Any CPU.Build.0 = Release|Any CPU
	EndGlobalSection
	GlobalSection(SolutionProperties) = preSolution
		HideSolutionNode = FALSE
	EndGlobalSection
	GlobalSection(NestedProjects) = preSolution
		{40C98DCE-DE83-4151-98CE-31C67A526688} = {DCFBBA46-9262-43EC-B09A-3886F645CC08}
		{BD53D7F2-6F69-40F3-8A11-E026E48B689E} = {E4BEC210-FAAC-4B3D-936B-897152037DB5}
		{C20AB139-C10F-4FC0-9437-49BC638AABD2} = {E4BEC210-FAAC-4B3D-936B-897152037DB5}
		{D8D3E7E2-9FF9-4A7A-8BDE-A5316A554BB6} = {DCFBBA46-9262-43EC-B09A-3886F645CC08}
		{79A7D9A2-660A-4F7F-8489-4136EF5A4EAC} = {2957F664-BE57-4286-8CA9-FBB37F8C306B}
		{3F7A7143-ABD3-4D62-A9C7-462376927420} = {2957F664-BE57-4286-8CA9-FBB37F8C306B}
		{C2CD5911-9DAD-4454-8C52-E629310414E2} = {E4BEC210-FAAC-4B3D-936B-897152037DB5}
		{8F3D8544-8790-4440-BD46-FC233BBDC06E} = {C0A8406F-57BE-4A17-A0E5-9E5AB8E77674}
	EndGlobalSection
	GlobalSection(ExtensibilityGlobals) = postSolution
		SolutionGuid = {01F2F1F3-267F-43F4-9E76-9BF0EFA21735}
	EndGlobalSection
EndGlobal
